// !$*UTF8*$!
{
	archiveVersion = 1;
	classes = {
	};
	objectVersion = 55;
	objects = {

/* Begin PBXBuildFile section */
		C979674D27EA6012004CC7E4 /* EulerityChallengeApp.swift in Sources */ = {isa = PBXBuildFile; fileRef = C979674C27EA6012004CC7E4 /* EulerityChallengeApp.swift */; };
		C979674F27EA6012004CC7E4 /* ContentView.swift in Sources */ = {isa = PBXBuildFile; fileRef = C979674E27EA6012004CC7E4 /* ContentView.swift */; };
		C979675127EA6013004CC7E4 /* Assets.xcassets in Resources */ = {isa = PBXBuildFile; fileRef = C979675027EA6013004CC7E4 /* Assets.xcassets */; };
		C979675427EA6013004CC7E4 /* Preview Assets.xcassets in Resources */ = {isa = PBXBuildFile; fileRef = C979675327EA6013004CC7E4 /* Preview Assets.xcassets */; };
		C979675B27EA6164004CC7E4 /* DataRequester.swift in Sources */ = {isa = PBXBuildFile; fileRef = C979675A27EA6164004CC7E4 /* DataRequester.swift */; };
		C979675D27EA6180004CC7E4 /* ImageModel.swift in Sources */ = {isa = PBXBuildFile; fileRef = C979675C27EA6180004CC7E4 /* ImageModel.swift */; };
		C979676327EA6232004CC7E4 /* Constants.swift in Sources */ = {isa = PBXBuildFile; fileRef = C979676227EA6232004CC7E4 /* Constants.swift */; };
		C979676527EA67B4004CC7E4 /* ImageList.swift in Sources */ = {isa = PBXBuildFile; fileRef = C979676427EA67B4004CC7E4 /* ImageList.swift */; };
		C979676B27EBD23C004CC7E4 /* ImageDetail.swift in Sources */ = {isa = PBXBuildFile; fileRef = C979676A27EBD23C004CC7E4 /* ImageDetail.swift */; };
		C979676D27EC8264004CC7E4 /* ImageView.swift in Sources */ = {isa = PBXBuildFile; fileRef = C979676C27EC8264004CC7E4 /* ImageView.swift */; };
		C979676F27EC8392004CC7E4 /* ImageDetailViewModel.swift in Sources */ = {isa = PBXBuildFile; fileRef = C979676E27EC8392004CC7E4 /* ImageDetailViewModel.swift */; };
		C979677127EC84F0004CC7E4 /* ImageListViewModel.swift in Sources */ = {isa = PBXBuildFile; fileRef = C979677027EC84F0004CC7E4 /* ImageListViewModel.swift */; };
		C979677327EC8CAB004CC7E4 /* FilterCarousel.swift in Sources */ = {isa = PBXBuildFile; fileRef = C979677227EC8CAB004CC7E4 /* FilterCarousel.swift */; };
		C979677527ECA1E8004CC7E4 /* ImageEditor.swift in Sources */ = {isa = PBXBuildFile; fileRef = C979677427ECA1E8004CC7E4 /* ImageEditor.swift */; };
		C979677727ECCB35004CC7E4 /* FilterImage.swift in Sources */ = {isa = PBXBuildFile; fileRef = C979677627ECCB35004CC7E4 /* FilterImage.swift */; };
		C979677A27ECD274004CC7E4 /* ImageRequester.swift in Sources */ = {isa = PBXBuildFile; fileRef = C979677927ECD274004CC7E4 /* ImageRequester.swift */; };
		C979677F27EDDB00004CC7E4 /* ImageCache.swift in Sources */ = {isa = PBXBuildFile; fileRef = C979677E27EDDB00004CC7E4 /* ImageCache.swift */; };
/* End PBXBuildFile section */

/* Begin PBXFileReference section */
		C979674927EA6012004CC7E4 /* EulerityChallenge.app */ = {isa = PBXFileReference; explicitFileType = wrapper.application; includeInIndex = 0; path = EulerityChallenge.app; sourceTree = BUILT_PRODUCTS_DIR; };
		C979674C27EA6012004CC7E4 /* EulerityChallengeApp.swift */ = {isa = PBXFileReference; lastKnownFileType = sourcecode.swift; path = EulerityChallengeApp.swift; sourceTree = "<group>"; };
		C979674E27EA6012004CC7E4 /* ContentView.swift */ = {isa = PBXFileReference; lastKnownFileType = sourcecode.swift; path = ContentView.swift; sourceTree = "<group>"; };
		C979675027EA6013004CC7E4 /* Assets.xcassets */ = {isa = PBXFileReference; lastKnownFileType = folder.assetcatalog; path = Assets.xcassets; sourceTree = "<group>"; };
		C979675327EA6013004CC7E4 /* Preview Assets.xcassets */ = {isa = PBXFileReference; lastKnownFileType = folder.assetcatalog; path = "Preview Assets.xcassets"; sourceTree = "<group>"; };
		C979675A27EA6164004CC7E4 /* DataRequester.swift */ = {isa = PBXFileReference; lastKnownFileType = sourcecode.swift; path = DataRequester.swift; sourceTree = "<group>"; };
		C979675C27EA6180004CC7E4 /* ImageModel.swift */ = {isa = PBXFileReference; lastKnownFileType = sourcecode.swift; path = ImageModel.swift; sourceTree = "<group>"; };
		C979676227EA6232004CC7E4 /* Constants.swift */ = {isa = PBXFileReference; lastKnownFileType = sourcecode.swift; path = Constants.swift; sourceTree = "<group>"; };
		C979676427EA67B4004CC7E4 /* ImageList.swift */ = {isa = PBXFileReference; lastKnownFileType = sourcecode.swift; path = ImageList.swift; sourceTree = "<group>"; };
		C979676A27EBD23C004CC7E4 /* ImageDetail.swift */ = {isa = PBXFileReference; lastKnownFileType = sourcecode.swift; path = ImageDetail.swift; sourceTree = "<group>"; };
		C979676C27EC8264004CC7E4 /* ImageView.swift */ = {isa = PBXFileReference; lastKnownFileType = sourcecode.swift; path = ImageView.swift; sourceTree = "<group>"; };
		C979676E27EC8392004CC7E4 /* ImageDetailViewModel.swift */ = {isa = PBXFileReference; lastKnownFileType = sourcecode.swift; path = ImageDetailViewModel.swift; sourceTree = "<group>"; };
		C979677027EC84F0004CC7E4 /* ImageListViewModel.swift */ = {isa = PBXFileReference; lastKnownFileType = sourcecode.swift; path = ImageListViewModel.swift; sourceTree = "<group>"; };
		C979677227EC8CAB004CC7E4 /* FilterCarousel.swift */ = {isa = PBXFileReference; lastKnownFileType = sourcecode.swift; path = FilterCarousel.swift; sourceTree = "<group>"; };
		C979677427ECA1E8004CC7E4 /* ImageEditor.swift */ = {isa = PBXFileReference; lastKnownFileType = sourcecode.swift; path = ImageEditor.swift; sourceTree = "<group>"; };
		C979677627ECCB35004CC7E4 /* FilterImage.swift */ = {isa = PBXFileReference; lastKnownFileType = sourcecode.swift; path = FilterImage.swift; sourceTree = "<group>"; };
		C979677927ECD274004CC7E4 /* ImageRequester.swift */ = {isa = PBXFileReference; lastKnownFileType = sourcecode.swift; path = ImageRequester.swift; sourceTree = "<group>"; };
		C979677E27EDDB00004CC7E4 /* ImageCache.swift */ = {isa = PBXFileReference; lastKnownFileType = sourcecode.swift; path = ImageCache.swift; sourceTree = "<group>"; };
/* End PBXFileReference section */

/* Begin PBXFrameworksBuildPhase section */
		C979674627EA6012004CC7E4 /* Frameworks */ = {
			isa = PBXFrameworksBuildPhase;
			buildActionMask = 2147483647;
			files = (
			);
			runOnlyForDeploymentPostprocessing = 0;
		};
/* End PBXFrameworksBuildPhase section */

/* Begin PBXGroup section */
		C979674027EA6012004CC7E4 = {
			isa = PBXGroup;
			children = (
				C979674B27EA6012004CC7E4 /* EulerityChallenge */,
				C979674A27EA6012004CC7E4 /* Products */,
			);
			sourceTree = "<group>";
		};
		C979674A27EA6012004CC7E4 /* Products */ = {
			isa = PBXGroup;
			children = (
				C979674927EA6012004CC7E4 /* EulerityChallenge.app */,
			);
			name = Products;
			sourceTree = "<group>";
		};
		C979674B27EA6012004CC7E4 /* EulerityChallenge */ = {
			isa = PBXGroup;
			children = (
				C979677827ECD266004CC7E4 /* Network */,
				C979676127EA61DE004CC7E4 /* View */,
				C979676027EA61D3004CC7E4 /* Data */,
				C979674C27EA6012004CC7E4 /* EulerityChallengeApp.swift */,
				C979674E27EA6012004CC7E4 /* ContentView.swift */,
				C979675027EA6013004CC7E4 /* Assets.xcassets */,
				C979675227EA6013004CC7E4 /* Preview Content */,
				C979676227EA6232004CC7E4 /* Constants.swift */,
			);
			path = EulerityChallenge;
			sourceTree = "<group>";
		};
		C979675227EA6013004CC7E4 /* Preview Content */ = {
			isa = PBXGroup;
			children = (
				C979675327EA6013004CC7E4 /* Preview Assets.xcassets */,
			);
			path = "Preview Content";
			sourceTree = "<group>";
		};
		C979676027EA61D3004CC7E4 /* Data */ = {
			isa = PBXGroup;
			children = (
				C979675C27EA6180004CC7E4 /* ImageModel.swift */,
				C979677027EC84F0004CC7E4 /* ImageListViewModel.swift */,
				C979676E27EC8392004CC7E4 /* ImageDetailViewModel.swift */,
				C979677E27EDDB00004CC7E4 /* ImageCache.swift */,
			);
			path = Data;
			sourceTree = "<group>";
		};
		C979676127EA61DE004CC7E4 /* View */ = {
			isa = PBXGroup;
			children = (
				C979676427EA67B4004CC7E4 /* ImageList.swift */,
				C979676A27EBD23C004CC7E4 /* ImageDetail.swift */,
				C979676C27EC8264004CC7E4 /* ImageView.swift */,
				C979677627ECCB35004CC7E4 /* FilterImage.swift */,
				C979677227EC8CAB004CC7E4 /* FilterCarousel.swift */,
				C979677427ECA1E8004CC7E4 /* ImageEditor.swift */,
			);
			path = View;
			sourceTree = "<group>";
		};
		C979677827ECD266004CC7E4 /* Network */ = {
			isa = PBXGroup;
			children = (
				C979675A27EA6164004CC7E4 /* DataRequester.swift */,
				C979677927ECD274004CC7E4 /* ImageRequester.swift */,
			);
			path = Network;
			sourceTree = "<group>";
		};
/* End PBXGroup section */

/* Begin PBXNativeTarget section */
		C979674827EA6012004CC7E4 /* EulerityChallenge */ = {
			isa = PBXNativeTarget;
			buildConfigurationList = C979675727EA6013004CC7E4 /* Build configuration list for PBXNativeTarget "EulerityChallenge" */;
			buildPhases = (
				C979674527EA6012004CC7E4 /* Sources */,
				C979674627EA6012004CC7E4 /* Frameworks */,
				C979674727EA6012004CC7E4 /* Resources */,
			);
			buildRules = (
			);
			dependencies = (
			);
			name = EulerityChallenge;
			productName = EulerityChallenge;
			productReference = C979674927EA6012004CC7E4 /* EulerityChallenge.app */;
			productType = "com.apple.product-type.application";
		};
/* End PBXNativeTarget section */

/* Begin PBXProject section */
		C979674127EA6012004CC7E4 /* Project object */ = {
			isa = PBXProject;
			attributes = {
				BuildIndependentTargetsInParallel = 1;
				LastSwiftUpdateCheck = 1320;
				LastUpgradeCheck = 1320;
				TargetAttributes = {
					C979674827EA6012004CC7E4 = {
						CreatedOnToolsVersion = 13.2.1;
					};
				};
			};
			buildConfigurationList = C979674427EA6012004CC7E4 /* Build configuration list for PBXProject "EulerityChallenge" */;
			compatibilityVersion = "Xcode 13.0";
			developmentRegion = en;
			hasScannedForEncodings = 0;
			knownRegions = (
				en,
				Base,
			);
			mainGroup = C979674027EA6012004CC7E4;
			productRefGroup = C979674A27EA6012004CC7E4 /* Products */;
			projectDirPath = "";
			projectRoot = "";
			targets = (
				C979674827EA6012004CC7E4 /* EulerityChallenge */,
			);
		};
/* End PBXProject section */

/* Begin PBXResourcesBuildPhase section */
		C979674727EA6012004CC7E4 /* Resources */ = {
			isa = PBXResourcesBuildPhase;
			buildActionMask = 2147483647;
			files = (
				C979675427EA6013004CC7E4 /* Preview Assets.xcassets in Resources */,
				C979675127EA6013004CC7E4 /* Assets.xcassets in Resources */,
			);
			runOnlyForDeploymentPostprocessing = 0;
		};
/* End PBXResourcesBuildPhase section */

/* Begin PBXSourcesBuildPhase section */
		C979674527EA6012004CC7E4 /* Sources */ = {
			isa = PBXSourcesBuildPhase;
			buildActionMask = 2147483647;
			files = (
				C979677F27EDDB00004CC7E4 /* ImageCache.swift in Sources */,
				C979674F27EA6012004CC7E4 /* ContentView.swift in Sources */,
				C979677127EC84F0004CC7E4 /* ImageListViewModel.swift in Sources */,
				C979676B27EBD23C004CC7E4 /* ImageDetail.swift in Sources */,
				C979677327EC8CAB004CC7E4 /* FilterCarousel.swift in Sources */,
				C979677A27ECD274004CC7E4 /* ImageRequester.swift in Sources */,
				C979674D27EA6012004CC7E4 /* EulerityChallengeApp.swift in Sources */,
				C979675B27EA6164004CC7E4 /* DataRequester.swift in Sources */,
				C979677527ECA1E8004CC7E4 /* ImageEditor.swift in Sources */,
				C979676F27EC8392004CC7E4 /* ImageDetailViewModel.swift in Sources */,
				C979676527EA67B4004CC7E4 /* ImageList.swift in Sources */,
				C979677727ECCB35004CC7E4 /* FilterImage.swift in Sources */,
				C979676D27EC8264004CC7E4 /* ImageView.swift in Sources */,
				C979675D27EA6180004CC7E4 /* ImageModel.swift in Sources */,
				C979676327EA6232004CC7E4 /* Constants.swift in Sources */,
			);
			runOnlyForDeploymentPostprocessing = 0;
		};
/* End PBXSourcesBuildPhase section */

/* Begin XCBuildConfiguration section */
		C979675527EA6013004CC7E4 /* Debug */ = {
			isa = XCBuildConfiguration;
			buildSettings = {
				ALWAYS_SEARCH_USER_PATHS = NO;
				CLANG_ANALYZER_NONNULL = YES;
				CLANG_ANALYZER_NUMBER_OBJECT_CONVERSION = YES_AGGRESSIVE;
				CLANG_CXX_LANGUAGE_STANDARD = "gnu++17";
				CLANG_CXX_LIBRARY = "libc++";
				CLANG_ENABLE_MODULES = YES;
				CLANG_ENABLE_OBJC_ARC = YES;
				CLANG_ENABLE_OBJC_WEAK = YES;
				CLANG_WARN_BLOCK_CAPTURE_AUTORELEASING = YES;
				CLANG_WARN_BOOL_CONVERSION = YES;
				CLANG_WARN_COMMA = YES;
				CLANG_WARN_CONSTANT_CONVERSION = YES;
				CLANG_WARN_DEPRECATED_OBJC_IMPLEMENTATIONS = YES;
				CLANG_WARN_DIRECT_OBJC_ISA_USAGE = YES_ERROR;
				CLANG_WARN_DOCUMENTATION_COMMENTS = YES;
				CLANG_WARN_EMPTY_BODY = YES;
				CLANG_WARN_ENUM_CONVERSION = YES;
				CLANG_WARN_INFINITE_RECURSION = YES;
				CLANG_WARN_INT_CONVERSION = YES;
				CLANG_WARN_NON_LITERAL_NULL_CONVERSION = YES;
				CLANG_WARN_OBJC_IMPLICIT_RETAIN_SELF = YES;
				CLANG_WARN_OBJC_LITERAL_CONVERSION = YES;
				CLANG_WARN_OBJC_ROOT_CLASS = YES_ERROR;
				CLANG_WARN_QUOTED_INCLUDE_IN_FRAMEWORK_HEADER = YES;
				CLANG_WARN_RANGE_LOOP_ANALYSIS = YES;
				CLANG_WARN_STRICT_PROTOTYPES = YES;
				CLANG_WARN_SUSPICIOUS_MOVE = YES;
				CLANG_WARN_UNGUARDED_AVAILABILITY = YES_AGGRESSIVE;
				CLANG_WARN_UNREACHABLE_CODE = YES;
				CLANG_WARN__DUPLICATE_METHOD_MATCH = YES;
				COPY_PHASE_STRIP = NO;
				DEBUG_INFORMATION_FORMAT = dwarf;
				ENABLE_STRICT_OBJC_MSGSEND = YES;
				ENABLE_TESTABILITY = YES;
				GCC_C_LANGUAGE_STANDARD = gnu11;
				GCC_DYNAMIC_NO_PIC = NO;
				GCC_NO_COMMON_BLOCKS = YES;
				GCC_OPTIMIZATION_LEVEL = 0;
				GCC_PREPROCESSOR_DEFINITIONS = (
					"DEBUG=1",
					"$(inherited)",
				);
				GCC_WARN_64_TO_32_BIT_CONVERSION = YES;
				GCC_WARN_ABOUT_RETURN_TYPE = YES_ERROR;
				GCC_WARN_UNDECLARED_SELECTOR = YES;
				GCC_WARN_UNINITIALIZED_AUTOS = YES_AGGRESSIVE;
				GCC_WARN_UNUSED_FUNCTION = YES;
				GCC_WARN_UNUSED_VARIABLE = YES;
				IPHONEOS_DEPLOYMENT_TARGET = 15.2;
				MTL_ENABLE_DEBUG_INFO = INCLUDE_SOURCE;
				MTL_FAST_MATH = YES;
				ONLY_ACTIVE_ARCH = YES;
				SDKROOT = iphoneos;
				SWIFT_ACTIVE_COMPILATION_CONDITIONS = DEBUG;
				SWIFT_OPTIMIZATION_LEVEL = "-Onone";
			};
			name = Debug;
		};
		C979675627EA6013004CC7E4 /* Release */ = {
			isa = XCBuildConfiguration;
			buildSettings = {
				ALWAYS_SEARCH_USER_PATHS = NO;
				CLANG_ANALYZER_NONNULL = YES;
				CLANG_ANALYZER_NUMBER_OBJECT_CONVERSION = YES_AGGRESSIVE;
				CLANG_CXX_LANGUAGE_STANDARD = "gnu++17";
				CLANG_CXX_LIBRARY = "libc++";
				CLANG_ENABLE_MODULES = YES;
				CLANG_ENABLE_OBJC_ARC = YES;
				CLANG_ENABLE_OBJC_WEAK = YES;
				CLANG_WARN_BLOCK_CAPTURE_AUTORELEASING = YES;
				CLANG_WARN_BOOL_CONVERSION = YES;
				CLANG_WARN_COMMA = YES;
				CLANG_WARN_CONSTANT_CONVERSION = YES;
				CLANG_WARN_DEPRECATED_OBJC_IMPLEMENTATIONS = YES;
				CLANG_WARN_DIRECT_OBJC_ISA_USAGE = YES_ERROR;
				CLANG_WARN_DOCUMENTATION_COMMENTS = YES;
				CLANG_WARN_EMPTY_BODY = YES;
				CLANG_WARN_ENUM_CONVERSION = YES;
				CLANG_WARN_INFINITE_RECURSION = YES;
				CLANG_WARN_INT_CONVERSION = YES;
				CLANG_WARN_NON_LITERAL_NULL_CONVERSION = YES;
				CLANG_WARN_OBJC_IMPLICIT_RETAIN_SELF = YES;
				CLANG_WARN_OBJC_LITERAL_CONVERSION = YES;
				CLANG_WARN_OBJC_ROOT_CLASS = YES_ERROR;
				CLANG_WARN_QUOTED_INCLUDE_IN_FRAMEWORK_HEADER = YES;
				CLANG_WARN_RANGE_LOOP_ANALYSIS = YES;
				CLANG_WARN_STRICT_PROTOTYPES = YES;
				CLANG_WARN_SUSPICIOUS_MOVE = YES;
				CLANG_WARN_UNGUARDED_AVAILABILITY = YES_AGGRESSIVE;
				CLANG_WARN_UNREACHABLE_CODE = YES;
				CLANG_WARN__DUPLICATE_METHOD_MATCH = YES;
				COPY_PHASE_STRIP = NO;
				DEBUG_INFORMATION_FORMAT = "dwarf-with-dsym";
				ENABLE_NS_ASSERTIONS = NO;
				ENABLE_STRICT_OBJC_MSGSEND = YES;
				GCC_C_LANGUAGE_STANDARD = gnu11;
				GCC_NO_COMMON_BLOCKS = YES;
				GCC_WARN_64_TO_32_BIT_CONVERSION = YES;
				GCC_WARN_ABOUT_RETURN_TYPE = YES_ERROR;
				GCC_WARN_UNDECLARED_SELECTOR = YES;
				GCC_WARN_UNINITIALIZED_AUTOS = YES_AGGRESSIVE;
				GCC_WARN_UNUSED_FUNCTION = YES;
				GCC_WARN_UNUSED_VARIABLE = YES;
				IPHONEOS_DEPLOYMENT_TARGET = 15.2;
				MTL_ENABLE_DEBUG_INFO = NO;
				MTL_FAST_MATH = YES;
				SDKROOT = iphoneos;
				SWIFT_COMPILATION_MODE = wholemodule;
				SWIFT_OPTIMIZATION_LEVEL = "-O";
				VALIDATE_PRODUCT = YES;
			};
			name = Release;
		};
		C979675827EA6013004CC7E4 /* Debug */ = {
			isa = XCBuildConfiguration;
			buildSettings = {
				ASSETCATALOG_COMPILER_APPICON_NAME = AppIcon;
				ASSETCATALOG_COMPILER_GLOBAL_ACCENT_COLOR_NAME = AccentColor;
				CODE_SIGN_STYLE = Automatic;
				CURRENT_PROJECT_VERSION = 1;
				DEVELOPMENT_ASSET_PATHS = "\"EulerityChallenge/Preview Content\"";
				DEVELOPMENT_TEAM = G9F42YYF8S;
				ENABLE_PREVIEWS = YES;
				GENERATE_INFOPLIST_FILE = YES;
				INFOPLIST_KEY_UIApplicationSceneManifest_Generation = YES;
				INFOPLIST_KEY_UIApplicationSupportsIndirectInputEvents = YES;
				INFOPLIST_KEY_UILaunchScreen_Generation = YES;
				INFOPLIST_KEY_UISupportedInterfaceOrientations_iPad = "UIInterfaceOrientationPortrait UIInterfaceOrientationPortraitUpsideDown UIInterfaceOrientationLandscapeLeft UIInterfaceOrientationLandscapeRight";
				INFOPLIST_KEY_UISupportedInterfaceOrientations_iPhone = "UIInterfaceOrientationPortrait UIInterfaceOrientationLandscapeLeft UIInterfaceOrientationLandscapeRight";
				LD_RUNPATH_SEARCH_PATHS = (
					"$(inherited)",
					"@executable_path/Frameworks",
				);
				MARKETING_VERSION = 1.0;
				PRODUCT_BUNDLE_IDENTIFIER = com.Rave.EulerityChallenge;
				PRODUCT_NAME = "$(TARGET_NAME)";
				SWIFT_EMIT_LOC_STRINGS = YES;
				SWIFT_VERSION = 5.0;
				TARGETED_DEVICE_FAMILY = "1,2";
			};
			name = Debug;
		};
		C979675927EA6013004CC7E4 /* Release */ = {
			isa = XCBuildConfiguration;
			buildSettings = {
				ASSETCATALOG_COMPILER_APPICON_NAME = AppIcon;
				ASSETCATALOG_COMPILER_GLOBAL_ACCENT_COLOR_NAME = AccentColor;
				CODE_SIGN_STYLE = Automatic;
				CURRENT_PROJECT_VERSION = 1;
				DEVELOPMENT_ASSET_PATHS = "\"EulerityChallenge/Preview Content\"";
				DEVELOPMENT_TEAM = G9F42YYF8S;
				ENABLE_PREVIEWS = YES;
				GENERATE_INFOPLIST_FILE = YES;
				INFOPLIST_KEY_UIApplicationSceneManifest_Generation = YES;
				INFOPLIST_KEY_UIApplicationSupportsIndirectInputEvents = YES;
				INFOPLIST_KEY_UILaunchScreen_Generation = YES;
				INFOPLIST_KEY_UISupportedInterfaceOrientations_iPad = "UIInterfaceOrientationPortrait UIInterfaceOrientationPortraitUpsideDown UIInterfaceOrientationLandscapeLeft UIInterfaceOrientationLandscapeRight";
				INFOPLIST_KEY_UISupportedInterfaceOrientations_iPhone = "UIInterfaceOrientationPortrait UIInterfaceOrientationLandscapeLeft UIInterfaceOrientationLandscapeRight";
				LD_RUNPATH_SEARCH_PATHS = (
					"$(inherited)",
					"@executable_path/Frameworks",
				);
				MARKETING_VERSION = 1.0;
				PRODUCT_BUNDLE_IDENTIFIER = com.Rave.EulerityChallenge;
				PRODUCT_NAME = "$(TARGET_NAME)";
				SWIFT_EMIT_LOC_STRINGS = YES;
				SWIFT_VERSION = 5.0;
				TARGETED_DEVICE_FAMILY = "1,2";
			};
			name = Release;
		};
/* End XCBuildConfiguration section */

/* Begin XCConfigurationList section */
		C979674427EA6012004CC7E4 /* Build configuration list for PBXProject "EulerityChallenge" */ = {
			isa = XCConfigurationList;
			buildConfigurations = (
				C979675527EA6013004CC7E4 /* Debug */,
				C979675627EA6013004CC7E4 /* Release */,
			);
			defaultConfigurationIsVisible = 0;
			defaultConfigurationName = Release;
		};
		C979675727EA6013004CC7E4 /* Build configuration list for PBXNativeTarget "EulerityChallenge" */ = {
			isa = XCConfigurationList;
			buildConfigurations = (
				C979675827EA6013004CC7E4 /* Debug */,
				C979675927EA6013004CC7E4 /* Release */,
			);
			defaultConfigurationIsVisible = 0;
			defaultConfigurationName = Release;
		};
/* End XCConfigurationList section */
	};
	rootObject = C979674127EA6012004CC7E4 /* Project object */;
}
